// !$*UTF8*$!
{
	archiveVersion = 1;
	classes = {
	};
	objectVersion = 55;
	objects = {

/* Begin PBXBuildFile section */
		F80FA298283C02160017B005 /* PokemonCellView.swift in Sources */ = {isa = PBXBuildFile; fileRef = F80FA297283C02160017B005 /* PokemonCellView.swift */; };
		F89DE747283BEB9D008C5867 /* AppDelegate.swift in Sources */ = {isa = PBXBuildFile; fileRef = F89DE746283BEB9D008C5867 /* AppDelegate.swift */; };
		F89DE749283BEB9D008C5867 /* SceneDelegate.swift in Sources */ = {isa = PBXBuildFile; fileRef = F89DE748283BEB9D008C5867 /* SceneDelegate.swift */; };
		F89DE74B283BEB9D008C5867 /* ListViewController.swift in Sources */ = {isa = PBXBuildFile; fileRef = F89DE74A283BEB9D008C5867 /* ListViewController.swift */; };
		F89DE750283BEB9F008C5867 /* Assets.xcassets in Resources */ = {isa = PBXBuildFile; fileRef = F89DE74F283BEB9F008C5867 /* Assets.xcassets */; };
		F89DE753283BEB9F008C5867 /* LaunchScreen.storyboard in Resources */ = {isa = PBXBuildFile; fileRef = F89DE751283BEB9F008C5867 /* LaunchScreen.storyboard */; };
		F89DE75D283BED98008C5867 /* DetailsViewController.swift in Sources */ = {isa = PBXBuildFile; fileRef = F89DE75C283BED98008C5867 /* DetailsViewController.swift */; };
		F89DE766283BEEDA008C5867 /* Details.storyboard in Resources */ = {isa = PBXBuildFile; fileRef = F89DE764283BEE73008C5867 /* Details.storyboard */; };
		F89DE767283BEEE3008C5867 /* List.storyboard in Resources */ = {isa = PBXBuildFile; fileRef = F89DE74C283BEB9D008C5867 /* List.storyboard */; };
		F89DE76B283BF1BE008C5867 /* APIRoute.swift in Sources */ = {isa = PBXBuildFile; fileRef = F89DE768283BF1BE008C5867 /* APIRoute.swift */; };
		F89DE76C283BF1BE008C5867 /* RequestHandler.swift in Sources */ = {isa = PBXBuildFile; fileRef = F89DE769283BF1BE008C5867 /* RequestHandler.swift */; };
		F89DE76D283BF1BE008C5867 /* RequestHandling.swift in Sources */ = {isa = PBXBuildFile; fileRef = F89DE76A283BF1BE008C5867 /* RequestHandling.swift */; };
		F89DE76F283BF28B008C5867 /* PokemonModel.swift in Sources */ = {isa = PBXBuildFile; fileRef = F89DE76E283BF28B008C5867 /* PokemonModel.swift */; };
/* End PBXBuildFile section */

/* Begin PBXFileReference section */
		F80FA297283C02160017B005 /* PokemonCellView.swift */ = {isa = PBXFileReference; lastKnownFileType = sourcecode.swift; path = PokemonCellView.swift; sourceTree = "<group>"; };
		F89DE743283BEB9D008C5867 /* Pokemon.app */ = {isa = PBXFileReference; explicitFileType = wrapper.application; includeInIndex = 0; path = Pokemon.app; sourceTree = BUILT_PRODUCTS_DIR; };
		F89DE746283BEB9D008C5867 /* AppDelegate.swift */ = {isa = PBXFileReference; lastKnownFileType = sourcecode.swift; path = AppDelegate.swift; sourceTree = "<group>"; };
		F89DE748283BEB9D008C5867 /* SceneDelegate.swift */ = {isa = PBXFileReference; lastKnownFileType = sourcecode.swift; path = SceneDelegate.swift; sourceTree = "<group>"; };
		F89DE74A283BEB9D008C5867 /* ListViewController.swift */ = {isa = PBXFileReference; lastKnownFileType = sourcecode.swift; path = ListViewController.swift; sourceTree = "<group>"; };
		F89DE74D283BEB9D008C5867 /* Base */ = {isa = PBXFileReference; lastKnownFileType = file.storyboard; name = Base; path = Base.lproj/List.storyboard; sourceTree = "<group>"; };
		F89DE74F283BEB9F008C5867 /* Assets.xcassets */ = {isa = PBXFileReference; lastKnownFileType = folder.assetcatalog; path = Assets.xcassets; sourceTree = "<group>"; };
		F89DE752283BEB9F008C5867 /* Base */ = {isa = PBXFileReference; lastKnownFileType = file.storyboard; name = Base; path = Base.lproj/LaunchScreen.storyboard; sourceTree = "<group>"; };
		F89DE754283BEB9F008C5867 /* Info.plist */ = {isa = PBXFileReference; lastKnownFileType = text.plist.xml; path = Info.plist; sourceTree = "<group>"; };
		F89DE75C283BED98008C5867 /* DetailsViewController.swift */ = {isa = PBXFileReference; lastKnownFileType = sourcecode.swift; path = DetailsViewController.swift; sourceTree = "<group>"; };
		F89DE764283BEE73008C5867 /* Details.storyboard */ = {isa = PBXFileReference; lastKnownFileType = file.storyboard; path = Details.storyboard; sourceTree = "<group>"; };
		F89DE768283BF1BE008C5867 /* APIRoute.swift */ = {isa = PBXFileReference; fileEncoding = 4; lastKnownFileType = sourcecode.swift; path = APIRoute.swift; sourceTree = "<group>"; };
		F89DE769283BF1BE008C5867 /* RequestHandler.swift */ = {isa = PBXFileReference; fileEncoding = 4; lastKnownFileType = sourcecode.swift; path = RequestHandler.swift; sourceTree = "<group>"; };
		F89DE76A283BF1BE008C5867 /* RequestHandling.swift */ = {isa = PBXFileReference; fileEncoding = 4; lastKnownFileType = sourcecode.swift; path = RequestHandling.swift; sourceTree = "<group>"; };
		F89DE76E283BF28B008C5867 /* PokemonModel.swift */ = {isa = PBXFileReference; lastKnownFileType = sourcecode.swift; path = PokemonModel.swift; sourceTree = "<group>"; };
/* End PBXFileReference section */

/* Begin PBXFrameworksBuildPhase section */
		F89DE740283BEB9D008C5867 /* Frameworks */ = {
			isa = PBXFrameworksBuildPhase;
			buildActionMask = 2147483647;
			files = (
			);
			runOnlyForDeploymentPostprocessing = 0;
		};
/* End PBXFrameworksBuildPhase section */

/* Begin PBXGroup section */
		F89DE73A283BEB9D008C5867 = {
			isa = PBXGroup;
			children = (
				F89DE745283BEB9D008C5867 /* Pokemon */,
				F89DE744283BEB9D008C5867 /* Products */,
			);
			sourceTree = "<group>";
		};
		F89DE744283BEB9D008C5867 /* Products */ = {
			isa = PBXGroup;
			children = (
				F89DE743283BEB9D008C5867 /* Pokemon.app */,
			);
			name = Products;
			sourceTree = "<group>";
		};
		F89DE745283BEB9D008C5867 /* Pokemon */ = {
			isa = PBXGroup;
			children = (
				F89DE763283BEE24008C5867 /* UI */,
				F89DE762283BEE10008C5867 /* Models */,
				F89DE760283BEDE1008C5867 /* Network */,
				F89DE761283BEDED008C5867 /* Caching */,
				F89DE746283BEB9D008C5867 /* AppDelegate.swift */,
				F89DE748283BEB9D008C5867 /* SceneDelegate.swift */,
				F89DE74F283BEB9F008C5867 /* Assets.xcassets */,
				F89DE751283BEB9F008C5867 /* LaunchScreen.storyboard */,
				F89DE754283BEB9F008C5867 /* Info.plist */,
			);
			path = Pokemon;
			sourceTree = "<group>";
		};
		F89DE75A283BED55008C5867 /* List */ = {
			isa = PBXGroup;
			children = (
				F89DE74A283BEB9D008C5867 /* ListViewController.swift */,
				F89DE74C283BEB9D008C5867 /* List.storyboard */,
				F80FA297283C02160017B005 /* PokemonCellView.swift */,
			);
			path = List;
			sourceTree = "<group>";
		};
		F89DE75B283BED7C008C5867 /* Details */ = {
			isa = PBXGroup;
			children = (
				F89DE75C283BED98008C5867 /* DetailsViewController.swift */,
				F89DE764283BEE73008C5867 /* Details.storyboard */,
			);
			path = Details;
			sourceTree = "<group>";
		};
		F89DE760283BEDE1008C5867 /* Network */ = {
			isa = PBXGroup;
			children = (
				F89DE768283BF1BE008C5867 /* APIRoute.swift */,
				F89DE769283BF1BE008C5867 /* RequestHandler.swift */,
				F89DE76A283BF1BE008C5867 /* RequestHandling.swift */,
			);
			path = Network;
			sourceTree = "<group>";
		};
		F89DE761283BEDED008C5867 /* Caching */ = {
			isa = PBXGroup;
			children = (
			);
			path = Caching;
			sourceTree = "<group>";
		};
		F89DE762283BEE10008C5867 /* Models */ = {
			isa = PBXGroup;
			children = (
				F89DE76E283BF28B008C5867 /* PokemonModel.swift */,
			);
			path = Models;
			sourceTree = "<group>";
		};
		F89DE763283BEE24008C5867 /* UI */ = {
			isa = PBXGroup;
			children = (
				F89DE75B283BED7C008C5867 /* Details */,
				F89DE75A283BED55008C5867 /* List */,
			);
			path = UI;
			sourceTree = "<group>";
		};
/* End PBXGroup section */

/* Begin PBXNativeTarget section */
		F89DE742283BEB9D008C5867 /* Pokemon */ = {
			isa = PBXNativeTarget;
			buildConfigurationList = F89DE757283BEB9F008C5867 /* Build configuration list for PBXNativeTarget "Pokemon" */;
			buildPhases = (
				F89DE73F283BEB9D008C5867 /* Sources */,
				F89DE740283BEB9D008C5867 /* Frameworks */,
				F89DE741283BEB9D008C5867 /* Resources */,
			);
			buildRules = (
			);
			dependencies = (
			);
			name = Pokemon;
			productName = Pokemon;
			productReference = F89DE743283BEB9D008C5867 /* Pokemon.app */;
			productType = "com.apple.product-type.application";
		};
/* End PBXNativeTarget section */

/* Begin PBXProject section */
		F89DE73B283BEB9D008C5867 /* Project object */ = {
			isa = PBXProject;
			attributes = {
				BuildIndependentTargetsInParallel = 1;
				LastSwiftUpdateCheck = 1330;
				LastUpgradeCheck = 1330;
				TargetAttributes = {
					F89DE742283BEB9D008C5867 = {
						CreatedOnToolsVersion = 13.3.1;
					};
				};
			};
			buildConfigurationList = F89DE73E283BEB9D008C5867 /* Build configuration list for PBXProject "Pokemon" */;
			compatibilityVersion = "Xcode 13.0";
			developmentRegion = en;
			hasScannedForEncodings = 0;
			knownRegions = (
				en,
				Base,
			);
			mainGroup = F89DE73A283BEB9D008C5867;
			productRefGroup = F89DE744283BEB9D008C5867 /* Products */;
			projectDirPath = "";
			projectRoot = "";
			targets = (
				F89DE742283BEB9D008C5867 /* Pokemon */,
			);
		};
/* End PBXProject section */

/* Begin PBXResourcesBuildPhase section */
		F89DE741283BEB9D008C5867 /* Resources */ = {
			isa = PBXResourcesBuildPhase;
			buildActionMask = 2147483647;
			files = (
				F89DE767283BEEE3008C5867 /* List.storyboard in Resources */,
				F89DE766283BEEDA008C5867 /* Details.storyboard in Resources */,
				F89DE753283BEB9F008C5867 /* LaunchScreen.storyboard in Resources */,
				F89DE750283BEB9F008C5867 /* Assets.xcassets in Resources */,
			);
			runOnlyForDeploymentPostprocessing = 0;
		};
/* End PBXResourcesBuildPhase section */

/* Begin PBXSourcesBuildPhase section */
		F89DE73F283BEB9D008C5867 /* Sources */ = {
			isa = PBXSourcesBuildPhase;
			buildActionMask = 2147483647;
			files = (
				F80FA298283C02160017B005 /* PokemonCellView.swift in Sources */,
				F89DE74B283BEB9D008C5867 /* ListViewController.swift in Sources */,
				F89DE747283BEB9D008C5867 /* AppDelegate.swift in Sources */,
				F89DE76C283BF1BE008C5867 /* RequestHandler.swift in Sources */,
				F89DE749283BEB9D008C5867 /* SceneDelegate.swift in Sources */,
				F89DE75D283BED98008C5867 /* DetailsViewController.swift in Sources */,
				F89DE76D283BF1BE008C5867 /* RequestHandling.swift in Sources */,
				F89DE76B283BF1BE008C5867 /* APIRoute.swift in Sources */,
				F89DE76F283BF28B008C5867 /* PokemonModel.swift in Sources */,
			);
			runOnlyForDeploymentPostprocessing = 0;
		};
/* End PBXSourcesBuildPhase section */

/* Begin PBXVariantGroup section */
		F89DE74C283BEB9D008C5867 /* List.storyboard */ = {
			isa = PBXVariantGroup;
			children = (
				F89DE74D283BEB9D008C5867 /* Base */,
			);
			name = List.storyboard;
			sourceTree = "<group>";
		};
		F89DE751283BEB9F008C5867 /* LaunchScreen.storyboard */ = {
			isa = PBXVariantGroup;
			children = (
				F89DE752283BEB9F008C5867 /* Base */,
			);
			name = LaunchScreen.storyboard;
			sourceTree = "<group>";
		};
/* End PBXVariantGroup section */

/* Begin XCBuildConfiguration section */
		F89DE755283BEB9F008C5867 /* Debug */ = {
			isa = XCBuildConfiguration;
			buildSettings = {
				ALWAYS_SEARCH_USER_PATHS = NO;
				CLANG_ANALYZER_NONNULL = YES;
				CLANG_ANALYZER_NUMBER_OBJECT_CONVERSION = YES_AGGRESSIVE;
				CLANG_CXX_LANGUAGE_STANDARD = "gnu++17";
				CLANG_ENABLE_MODULES = YES;
				CLANG_ENABLE_OBJC_ARC = YES;
				CLANG_ENABLE_OBJC_WEAK = YES;
				CLANG_WARN_BLOCK_CAPTURE_AUTORELEASING = YES;
				CLANG_WARN_BOOL_CONVERSION = YES;
				CLANG_WARN_COMMA = YES;
				CLANG_WARN_CONSTANT_CONVERSION = YES;
				CLANG_WARN_DEPRECATED_OBJC_IMPLEMENTATIONS = YES;
				CLANG_WARN_DIRECT_OBJC_ISA_USAGE = YES_ERROR;
				CLANG_WARN_DOCUMENTATION_COMMENTS = YES;
				CLANG_WARN_EMPTY_BODY = YES;
				CLANG_WARN_ENUM_CONVERSION = YES;
				CLANG_WARN_INFINITE_RECURSION = YES;
				CLANG_WARN_INT_CONVERSION = YES;
				CLANG_WARN_NON_LITERAL_NULL_CONVERSION = YES;
				CLANG_WARN_OBJC_IMPLICIT_RETAIN_SELF = YES;
				CLANG_WARN_OBJC_LITERAL_CONVERSION = YES;
				CLANG_WARN_OBJC_ROOT_CLASS = YES_ERROR;
				CLANG_WARN_QUOTED_INCLUDE_IN_FRAMEWORK_HEADER = YES;
				CLANG_WARN_RANGE_LOOP_ANALYSIS = YES;
				CLANG_WARN_STRICT_PROTOTYPES = YES;
				CLANG_WARN_SUSPICIOUS_MOVE = YES;
				CLANG_WARN_UNGUARDED_AVAILABILITY = YES_AGGRESSIVE;
				CLANG_WARN_UNREACHABLE_CODE = YES;
				CLANG_WARN__DUPLICATE_METHOD_MATCH = YES;
				COPY_PHASE_STRIP = NO;
				DEBUG_INFORMATION_FORMAT = dwarf;
				ENABLE_STRICT_OBJC_MSGSEND = YES;
				ENABLE_TESTABILITY = YES;
				GCC_C_LANGUAGE_STANDARD = gnu11;
				GCC_DYNAMIC_NO_PIC = NO;
				GCC_NO_COMMON_BLOCKS = YES;
				GCC_OPTIMIZATION_LEVEL = 0;
				GCC_PREPROCESSOR_DEFINITIONS = (
					"DEBUG=1",
					"$(inherited)",
				);
				GCC_WARN_64_TO_32_BIT_CONVERSION = YES;
				GCC_WARN_ABOUT_RETURN_TYPE = YES_ERROR;
				GCC_WARN_UNDECLARED_SELECTOR = YES;
				GCC_WARN_UNINITIALIZED_AUTOS = YES_AGGRESSIVE;
				GCC_WARN_UNUSED_FUNCTION = YES;
				GCC_WARN_UNUSED_VARIABLE = YES;
				IPHONEOS_DEPLOYMENT_TARGET = 15.4;
				MTL_ENABLE_DEBUG_INFO = INCLUDE_SOURCE;
				MTL_FAST_MATH = YES;
				ONLY_ACTIVE_ARCH = YES;
				SDKROOT = iphoneos;
				SWIFT_ACTIVE_COMPILATION_CONDITIONS = DEBUG;
				SWIFT_OPTIMIZATION_LEVEL = "-Onone";
			};
			name = Debug;
		};
		F89DE756283BEB9F008C5867 /* Release */ = {
			isa = XCBuildConfiguration;
			buildSettings = {
				ALWAYS_SEARCH_USER_PATHS = NO;
				CLANG_ANALYZER_NONNULL = YES;
				CLANG_ANALYZER_NUMBER_OBJECT_CONVERSION = YES_AGGRESSIVE;
				CLANG_CXX_LANGUAGE_STANDARD = "gnu++17";
				CLANG_ENABLE_MODULES = YES;
				CLANG_ENABLE_OBJC_ARC = YES;
				CLANG_ENABLE_OBJC_WEAK = YES;
				CLANG_WARN_BLOCK_CAPTURE_AUTORELEASING = YES;
				CLANG_WARN_BOOL_CONVERSION = YES;
				CLANG_WARN_COMMA = YES;
				CLANG_WARN_CONSTANT_CONVERSION = YES;
				CLANG_WARN_DEPRECATED_OBJC_IMPLEMENTATIONS = YES;
				CLANG_WARN_DIRECT_OBJC_ISA_USAGE = YES_ERROR;
				CLANG_WARN_DOCUMENTATION_COMMENTS = YES;
				CLANG_WARN_EMPTY_BODY = YES;
				CLANG_WARN_ENUM_CONVERSION = YES;
				CLANG_WARN_INFINITE_RECURSION = YES;
				CLANG_WARN_INT_CONVERSION = YES;
				CLANG_WARN_NON_LITERAL_NULL_CONVERSION = YES;
				CLANG_WARN_OBJC_IMPLICIT_RETAIN_SELF = YES;
				CLANG_WARN_OBJC_LITERAL_CONVERSION = YES;
				CLANG_WARN_OBJC_ROOT_CLASS = YES_ERROR;
				CLANG_WARN_QUOTED_INCLUDE_IN_FRAMEWORK_HEADER = YES;
				CLANG_WARN_RANGE_LOOP_ANALYSIS = YES;
				CLANG_WARN_STRICT_PROTOTYPES = YES;
				CLANG_WARN_SUSPICIOUS_MOVE = YES;
				CLANG_WARN_UNGUARDED_AVAILABILITY = YES_AGGRESSIVE;
				CLANG_WARN_UNREACHABLE_CODE = YES;
				CLANG_WARN__DUPLICATE_METHOD_MATCH = YES;
				COPY_PHASE_STRIP = NO;
				DEBUG_INFORMATION_FORMAT = "dwarf-with-dsym";
				ENABLE_NS_ASSERTIONS = NO;
				ENABLE_STRICT_OBJC_MSGSEND = YES;
				GCC_C_LANGUAGE_STANDARD = gnu11;
				GCC_NO_COMMON_BLOCKS = YES;
				GCC_WARN_64_TO_32_BIT_CONVERSION = YES;
				GCC_WARN_ABOUT_RETURN_TYPE = YES_ERROR;
				GCC_WARN_UNDECLARED_SELECTOR = YES;
				GCC_WARN_UNINITIALIZED_AUTOS = YES_AGGRESSIVE;
				GCC_WARN_UNUSED_FUNCTION = YES;
				GCC_WARN_UNUSED_VARIABLE = YES;
				IPHONEOS_DEPLOYMENT_TARGET = 15.4;
				MTL_ENABLE_DEBUG_INFO = NO;
				MTL_FAST_MATH = YES;
				SDKROOT = iphoneos;
				SWIFT_COMPILATION_MODE = wholemodule;
				SWIFT_OPTIMIZATION_LEVEL = "-O";
				VALIDATE_PRODUCT = YES;
			};
			name = Release;
		};
		F89DE758283BEB9F008C5867 /* Debug */ = {
			isa = XCBuildConfiguration;
			buildSettings = {
				ASSETCATALOG_COMPILER_APPICON_NAME = AppIcon;
				ASSETCATALOG_COMPILER_GLOBAL_ACCENT_COLOR_NAME = AccentColor;
				CODE_SIGN_STYLE = Automatic;
				CURRENT_PROJECT_VERSION = 1;
				DEVELOPMENT_TEAM = F6WH3S8GMZ;
				GENERATE_INFOPLIST_FILE = YES;
				INFOPLIST_FILE = Pokemon/Info.plist;
				INFOPLIST_KEY_UIApplicationSupportsIndirectInputEvents = YES;
				INFOPLIST_KEY_UILaunchStoryboardName = LaunchScreen;
				INFOPLIST_KEY_UIMainStoryboardFile = List;
				INFOPLIST_KEY_UISupportedInterfaceOrientations_iPad = "UIInterfaceOrientationPortrait UIInterfaceOrientationPortraitUpsideDown UIInterfaceOrientationLandscapeLeft UIInterfaceOrientationLandscapeRight";
				INFOPLIST_KEY_UISupportedInterfaceOrientations_iPhone = "UIInterfaceOrientationPortrait UIInterfaceOrientationLandscapeLeft UIInterfaceOrientationLandscapeRight";
				IPHONEOS_DEPLOYMENT_TARGET = 14.0;
				LD_RUNPATH_SEARCH_PATHS = (
					"$(inherited)",
					"@executable_path/Frameworks",
				);
				MARKETING_VERSION = 1.0;
				PRODUCT_BUNDLE_IDENTIFIER = co.MarinaRiad.Pokemon;
				PRODUCT_NAME = "$(TARGET_NAME)";
				SWIFT_EMIT_LOC_STRINGS = YES;
				SWIFT_VERSION = 5.0;
				TARGETED_DEVICE_FAMILY = "1,2";
			};
			name = Debug;
		};
		F89DE759283BEB9F008C5867 /* Release */ = {
			isa = XCBuildConfiguration;
			buildSettings = {
				ASSETCATALOG_COMPILER_APPICON_NAME = AppIcon;
				ASSETCATALOG_COMPILER_GLOBAL_ACCENT_COLOR_NAME = AccentColor;
				CODE_SIGN_STYLE = Automatic;
				CURRENT_PROJECT_VERSION = 1;
				DEVELOPMENT_TEAM = F6WH3S8GMZ;
				GENERATE_INFOPLIST_FILE = YES;
				INFOPLIST_FILE = Pokemon/Info.plist;
				INFOPLIST_KEY_UIApplicationSupportsIndirectInputEvents = YES;
				INFOPLIST_KEY_UILaunchStoryboardName = LaunchScreen;
				INFOPLIST_KEY_UIMainStoryboardFile = List;
				INFOPLIST_KEY_UISupportedInterfaceOrientations_iPad = "UIInterfaceOrientationPortrait UIInterfaceOrientationPortraitUpsideDown UIInterfaceOrientationLandscapeLeft UIInterfaceOrientationLandscapeRight";
				INFOPLIST_KEY_UISupportedInterfaceOrientations_iPhone = "UIInterfaceOrientationPortrait UIInterfaceOrientationLandscapeLeft UIInterfaceOrientationLandscapeRight";
				IPHONEOS_DEPLOYMENT_TARGET = 14.0;
				LD_RUNPATH_SEARCH_PATHS = (
					"$(inherited)",
					"@executable_path/Frameworks",
				);
				MARKETING_VERSION = 1.0;
				PRODUCT_BUNDLE_IDENTIFIER = co.MarinaRiad.Pokemon;
				PRODUCT_NAME = "$(TARGET_NAME)";
				SWIFT_EMIT_LOC_STRINGS = YES;
				SWIFT_VERSION = 5.0;
				TARGETED_DEVICE_FAMILY = "1,2";
			};
			name = Release;
		};
/* End XCBuildConfiguration section */

/* Begin XCConfigurationList section */
		F89DE73E283BEB9D008C5867 /* Build configuration list for PBXProject "Pokemon" */ = {
			isa = XCConfigurationList;
			buildConfigurations = (
				F89DE755283BEB9F008C5867 /* Debug */,
				F89DE756283BEB9F008C5867 /* Release */,
			);
			defaultConfigurationIsVisible = 0;
			defaultConfigurationName = Release;
		};
		F89DE757283BEB9F008C5867 /* Build configuration list for PBXNativeTarget "Pokemon" */ = {
			isa = XCConfigurationList;
			buildConfigurations = (
				F89DE758283BEB9F008C5867 /* Debug */,
				F89DE759283BEB9F008C5867 /* Release */,
			);
			defaultConfigurationIsVisible = 0;
			defaultConfigurationName = Release;
		};
/* End XCConfigurationList section */
	};
	rootObject = F89DE73B283BEB9D008C5867 /* Project object */;
}
